
Microsoft Visual Studio Solution File, Format Version 12.00
# Visual Studio 14
VisualStudioVersion = 14.0.25420.1
MinimumVisualStudioVersion = 10.0.40219.1
Project("{FAE04EC0-301F-11D3-BF4B-00C04F79EFBC}") = "WinAPrize", "WinAPrize\WinAPrize.csproj", "{2A0B2F3E-4618-4804-8B5C-516F2D7628FA}"
EndProject
Project("{FAE04EC0-301F-11D3-BF4B-00C04F79EFBC}") = "WinAPrize.Tests", "WinAPrize.Tests\WinAPrize.Tests.csproj", "{884AC12F-167B-4FB2-BDB7-FF110A603932}"
EndProject
Project("{FAE04EC0-301F-11D3-BF4B-00C04F79EFBC}") = "WinAPrize.Models", "WinAPrize.Models\WinAPrize.Models.csproj", "{1964B17A-0535-49DE-8D04-3EB90F405695}"
EndProject
Project("{FAE04EC0-301F-11D3-BF4B-00C04F79EFBC}") = "WinAPrize.Platform", "WinAPrize.Platform\WinAPrize.Platform.csproj", "{718660C8-9C7C-461B-815B-759C434239C0}"
EndProject
Project("{FAE04EC0-301F-11D3-BF4B-00C04F79EFBC}") = "WinAPrize.Platform.DependencyResolver", "WinAPrize.Platform.DependencyResolver\WinAPrize.Platform.DependencyResolver.csproj", "{CF0024A6-FF88-4FE6-8583-BB55EC0F36DA}"
EndProject
Project("{FAE04EC0-301F-11D3-BF4B-00C04F79EFBC}") = "WinAPrize.Platform.DependencyResolver.Modules", "WinAPrize.Platform.DependencyResolver.Modules\WinAPrize.Platform.DependencyResolver.Modules.csproj", "{5331FB12-FD9C-4236-BA3F-545B93C0B8F6}"
EndProject
Project("{FAE04EC0-301F-11D3-BF4B-00C04F79EFBC}") = "WinAPrize.API", "WinAPrize.API\WinAPrize.API.csproj", "{8A616B76-D415-4ED7-A33E-48CE23B203D8}"
EndProject
Project("{FAE04EC0-301F-11D3-BF4B-00C04F79EFBC}") = "WinAPrize.API.UnitTests", "WinAPrize.API.UnitTests\WinAPrize.API.UnitTests.csproj", "{0672D7FB-65BD-41EB-AC68-1EBEEF75D083}"
EndProject
Global
	GlobalSection(SolutionConfigurationPlatforms) = preSolution
		Debug|Any CPU = Debug|Any CPU
		Debug|ARM = Debug|ARM
		Debug|x64 = Debug|x64
		Debug|x86 = Debug|x86
		Release|Any CPU = Release|Any CPU
		Release|ARM = Release|ARM
		Release|x64 = Release|x64
		Release|x86 = Release|x86
	EndGlobalSection
	GlobalSection(ProjectConfigurationPlatforms) = postSolution
		{2A0B2F3E-4618-4804-8B5C-516F2D7628FA}.Debug|Any CPU.ActiveCfg = Debug|Any CPU
		{2A0B2F3E-4618-4804-8B5C-516F2D7628FA}.Debug|Any CPU.Build.0 = Debug|Any CPU
		{2A0B2F3E-4618-4804-8B5C-516F2D7628FA}.Debug|ARM.ActiveCfg = Debug|Any CPU
		{2A0B2F3E-4618-4804-8B5C-516F2D7628FA}.Debug|ARM.Build.0 = Debug|Any CPU
		{2A0B2F3E-4618-4804-8B5C-516F2D7628FA}.Debug|x64.ActiveCfg = Debug|Any CPU
		{2A0B2F3E-4618-4804-8B5C-516F2D7628FA}.Debug|x64.Build.0 = Debug|Any CPU
		{2A0B2F3E-4618-4804-8B5C-516F2D7628FA}.Debug|x86.ActiveCfg = Debug|Any CPU
		{2A0B2F3E-4618-4804-8B5C-516F2D7628FA}.Debug|x86.Build.0 = Debug|Any CPU
		{2A0B2F3E-4618-4804-8B5C-516F2D7628FA}.Release|Any CPU.ActiveCfg = Release|Any CPU
		{2A0B2F3E-4618-4804-8B5C-516F2D7628FA}.Release|Any CPU.Build.0 = Release|Any CPU
		{2A0B2F3E-4618-4804-8B5C-516F2D7628FA}.Release|ARM.ActiveCfg = Release|Any CPU
		{2A0B2F3E-4618-4804-8B5C-516F2D7628FA}.Release|ARM.Build.0 = Release|Any CPU
		{2A0B2F3E-4618-4804-8B5C-516F2D7628FA}.Release|x64.ActiveCfg = Release|Any CPU
		{2A0B2F3E-4618-4804-8B5C-516F2D7628FA}.Release|x64.Build.0 = Release|Any CPU
		{2A0B2F3E-4618-4804-8B5C-516F2D7628FA}.Release|x86.ActiveCfg = Release|Any CPU
		{2A0B2F3E-4618-4804-8B5C-516F2D7628FA}.Release|x86.Build.0 = Release|Any CPU
		{884AC12F-167B-4FB2-BDB7-FF110A603932}.Debug|Any CPU.ActiveCfg = Debug|Any CPU
		{884AC12F-167B-4FB2-BDB7-FF110A603932}.Debug|Any CPU.Build.0 = Debug|Any CPU
		{884AC12F-167B-4FB2-BDB7-FF110A603932}.Debug|ARM.ActiveCfg = Debug|Any CPU
		{884AC12F-167B-4FB2-BDB7-FF110A603932}.Debug|ARM.Build.0 = Debug|Any CPU
		{884AC12F-167B-4FB2-BDB7-FF110A603932}.Debug|x64.ActiveCfg = Debug|Any CPU
		{884AC12F-167B-4FB2-BDB7-FF110A603932}.Debug|x64.Build.0 = Debug|Any CPU
		{884AC12F-167B-4FB2-BDB7-FF110A603932}.Debug|x86.ActiveCfg = Debug|Any CPU
		{884AC12F-167B-4FB2-BDB7-FF110A603932}.Debug|x86.Build.0 = Debug|Any CPU
		{884AC12F-167B-4FB2-BDB7-FF110A603932}.Release|Any CPU.ActiveCfg = Release|Any CPU
		{884AC12F-167B-4FB2-BDB7-FF110A603932}.Release|Any CPU.Build.0 = Release|Any CPU
		{884AC12F-167B-4FB2-BDB7-FF110A603932}.Release|ARM.ActiveCfg = Release|Any CPU
		{884AC12F-167B-4FB2-BDB7-FF110A603932}.Release|ARM.Build.0 = Release|Any CPU
		{884AC12F-167B-4FB2-BDB7-FF110A603932}.Release|x64.ActiveCfg = Release|Any CPU
		{884AC12F-167B-4FB2-BDB7-FF110A603932}.Release|x64.Build.0 = Release|Any CPU
		{884AC12F-167B-4FB2-BDB7-FF110A603932}.Release|x86.ActiveCfg = Release|Any CPU
		{884AC12F-167B-4FB2-BDB7-FF110A603932}.Release|x86.Build.0 = Release|Any CPU
		{1964B17A-0535-49DE-8D04-3EB90F405695}.Debug|Any CPU.ActiveCfg = Debug|Any CPU
		{1964B17A-0535-49DE-8D04-3EB90F405695}.Debug|Any CPU.Build.0 = Debug|Any CPU
		{1964B17A-0535-49DE-8D04-3EB90F405695}.Debug|ARM.ActiveCfg = Debug|Any CPU
		{1964B17A-0535-49DE-8D04-3EB90F405695}.Debug|ARM.Build.0 = Debug|Any CPU
		{1964B17A-0535-49DE-8D04-3EB90F405695}.Debug|x64.ActiveCfg = Debug|Any CPU
		{1964B17A-0535-49DE-8D04-3EB90F405695}.Debug|x64.Build.0 = Debug|Any CPU
		{1964B17A-0535-49DE-8D04-3EB90F405695}.Debug|x86.ActiveCfg = Debug|Any CPU
		{1964B17A-0535-49DE-8D04-3EB90F405695}.Debug|x86.Build.0 = Debug|Any CPU
		{1964B17A-0535-49DE-8D04-3EB90F405695}.Release|Any CPU.ActiveCfg = Release|Any CPU
		{1964B17A-0535-49DE-8D04-3EB90F405695}.Release|Any CPU.Build.0 = Release|Any CPU
		{1964B17A-0535-49DE-8D04-3EB90F405695}.Release|ARM.ActiveCfg = Release|Any CPU
		{1964B17A-0535-49DE-8D04-3EB90F405695}.Release|ARM.Build.0 = Release|Any CPU
		{1964B17A-0535-49DE-8D04-3EB90F405695}.Release|x64.ActiveCfg = Release|Any CPU
		{1964B17A-0535-49DE-8D04-3EB90F405695}.Release|x64.Build.0 = Release|Any CPU
		{1964B17A-0535-49DE-8D04-3EB90F405695}.Release|x86.ActiveCfg = Release|Any CPU
		{1964B17A-0535-49DE-8D04-3EB90F405695}.Release|x86.Build.0 = Release|Any CPU
		{718660C8-9C7C-461B-815B-759C434239C0}.Debug|Any CPU.ActiveCfg = Debug|Any CPU
		{718660C8-9C7C-461B-815B-759C434239C0}.Debug|Any CPU.Build.0 = Debug|Any CPU
		{718660C8-9C7C-461B-815B-759C434239C0}.Debug|ARM.ActiveCfg = Debug|Any CPU
		{718660C8-9C7C-461B-815B-759C434239C0}.Debug|ARM.Build.0 = Debug|Any CPU
		{718660C8-9C7C-461B-815B-759C434239C0}.Debug|x64.ActiveCfg = Debug|Any CPU
		{718660C8-9C7C-461B-815B-759C434239C0}.Debug|x64.Build.0 = Debug|Any CPU
		{718660C8-9C7C-461B-815B-759C434239C0}.Debug|x86.ActiveCfg = Debug|Any CPU
		{718660C8-9C7C-461B-815B-759C434239C0}.Debug|x86.Build.0 = Debug|Any CPU
		{718660C8-9C7C-461B-815B-759C434239C0}.Release|Any CPU.ActiveCfg = Release|Any CPU
		{718660C8-9C7C-461B-815B-759C434239C0}.Release|Any CPU.Build.0 = Release|Any CPU
		{718660C8-9C7C-461B-815B-759C434239C0}.Release|ARM.ActiveCfg = Release|Any CPU
		{718660C8-9C7C-461B-815B-759C434239C0}.Release|ARM.Build.0 = Release|Any CPU
		{718660C8-9C7C-461B-815B-759C434239C0}.Release|x64.ActiveCfg = Release|Any CPU
		{718660C8-9C7C-461B-815B-759C434239C0}.Release|x64.Build.0 = Release|Any CPU
		{718660C8-9C7C-461B-815B-759C434239C0}.Release|x86.ActiveCfg = Release|Any CPU
		{718660C8-9C7C-461B-815B-759C434239C0}.Release|x86.Build.0 = Release|Any CPU
		{CF0024A6-FF88-4FE6-8583-BB55EC0F36DA}.Debug|Any CPU.ActiveCfg = Debug|Any CPU
		{CF0024A6-FF88-4FE6-8583-BB55EC0F36DA}.Debug|Any CPU.Build.0 = Debug|Any CPU
		{CF0024A6-FF88-4FE6-8583-BB55EC0F36DA}.Debug|ARM.ActiveCfg = Debug|Any CPU
		{CF0024A6-FF88-4FE6-8583-BB55EC0F36DA}.Debug|ARM.Build.0 = Debug|Any CPU
		{CF0024A6-FF88-4FE6-8583-BB55EC0F36DA}.Debug|x64.ActiveCfg = Debug|Any CPU
		{CF0024A6-FF88-4FE6-8583-BB55EC0F36DA}.Debug|x64.Build.0 = Debug|Any CPU
		{CF0024A6-FF88-4FE6-8583-BB55EC0F36DA}.Debug|x86.ActiveCfg = Debug|Any CPU
		{CF0024A6-FF88-4FE6-8583-BB55EC0F36DA}.Debug|x86.Build.0 = Debug|Any CPU
		{CF0024A6-FF88-4FE6-8583-BB55EC0F36DA}.Release|Any CPU.ActiveCfg = Release|Any CPU
		{CF0024A6-FF88-4FE6-8583-BB55EC0F36DA}.Release|Any CPU.Build.0 = Release|Any CPU
		{CF0024A6-FF88-4FE6-8583-BB55EC0F36DA}.Release|ARM.ActiveCfg = Release|Any CPU
		{CF0024A6-FF88-4FE6-8583-BB55EC0F36DA}.Release|ARM.Build.0 = Release|Any CPU
		{CF0024A6-FF88-4FE6-8583-BB55EC0F36DA}.Release|x64.ActiveCfg = Release|Any CPU
		{CF0024A6-FF88-4FE6-8583-BB55EC0F36DA}.Release|x64.Build.0 = Release|Any CPU
		{CF0024A6-FF88-4FE6-8583-BB55EC0F36DA}.Release|x86.ActiveCfg = Release|Any CPU
		{CF0024A6-FF88-4FE6-8583-BB55EC0F36DA}.Release|x86.Build.0 = Release|Any CPU
		{5331FB12-FD9C-4236-BA3F-545B93C0B8F6}.Debug|Any CPU.ActiveCfg = Debug|Any CPU
		{5331FB12-FD9C-4236-BA3F-545B93C0B8F6}.Debug|Any CPU.Build.0 = Debug|Any CPU
		{5331FB12-FD9C-4236-BA3F-545B93C0B8F6}.Debug|ARM.ActiveCfg = Debug|Any CPU
		{5331FB12-FD9C-4236-BA3F-545B93C0B8F6}.Debug|ARM.Build.0 = Debug|Any CPU
		{5331FB12-FD9C-4236-BA3F-545B93C0B8F6}.Debug|x64.ActiveCfg = Debug|Any CPU
		{5331FB12-FD9C-4236-BA3F-545B93C0B8F6}.Debug|x64.Build.0 = Debug|Any CPU
		{5331FB12-FD9C-4236-BA3F-545B93C0B8F6}.Debug|x86.ActiveCfg = Debug|Any CPU
		{5331FB12-FD9C-4236-BA3F-545B93C0B8F6}.Debug|x86.Build.0 = Debug|Any CPU
		{5331FB12-FD9C-4236-BA3F-545B93C0B8F6}.Release|Any CPU.ActiveCfg = Release|Any CPU
		{5331FB12-FD9C-4236-BA3F-545B93C0B8F6}.Release|Any CPU.Build.0 = Release|Any CPU
		{5331FB12-FD9C-4236-BA3F-545B93C0B8F6}.Release|ARM.ActiveCfg = Release|Any CPU
		{5331FB12-FD9C-4236-BA3F-545B93C0B8F6}.Release|ARM.Build.0 = Release|Any CPU
		{5331FB12-FD9C-4236-BA3F-545B93C0B8F6}.Release|x64.ActiveCfg = Release|Any CPU
		{5331FB12-FD9C-4236-BA3F-545B93C0B8F6}.Release|x64.Build.0 = Release|Any CPU
		{5331FB12-FD9C-4236-BA3F-545B93C0B8F6}.Release|x86.ActiveCfg = Release|Any CPU
		{5331FB12-FD9C-4236-BA3F-545B93C0B8F6}.Release|x86.Build.0 = Release|Any CPU
		{8A616B76-D415-4ED7-A33E-48CE23B203D8}.Debug|Any CPU.ActiveCfg = Debug|Any CPU
		{8A616B76-D415-4ED7-A33E-48CE23B203D8}.Debug|Any CPU.Build.0 = Debug|Any CPU
		{8A616B76-D415-4ED7-A33E-48CE23B203D8}.Debug|ARM.ActiveCfg = Debug|Any CPU
		{8A616B76-D415-4ED7-A33E-48CE23B203D8}.Debug|ARM.Build.0 = Debug|Any CPU
		{8A616B76-D415-4ED7-A33E-48CE23B203D8}.Debug|x64.ActiveCfg = Debug|Any CPU
		{8A616B76-D415-4ED7-A33E-48CE23B203D8}.Debug|x64.Build.0 = Debug|Any CPU
		{8A616B76-D415-4ED7-A33E-48CE23B203D8}.Debug|x86.ActiveCfg = Debug|Any CPU
		{8A616B76-D415-4ED7-A33E-48CE23B203D8}.Debug|x86.Build.0 = Debug|Any CPU
		{8A616B76-D415-4ED7-A33E-48CE23B203D8}.Release|Any CPU.ActiveCfg = Release|Any CPU
		{8A616B76-D415-4ED7-A33E-48CE23B203D8}.Release|Any CPU.Build.0 = Release|Any CPU
		{8A616B76-D415-4ED7-A33E-48CE23B203D8}.Release|ARM.ActiveCfg = Release|Any CPU
		{8A616B76-D415-4ED7-A33E-48CE23B203D8}.Release|ARM.Build.0 = Release|Any CPU
		{8A616B76-D415-4ED7-A33E-48CE23B203D8}.Release|x64.ActiveCfg = Release|Any CPU
		{8A616B76-D415-4ED7-A33E-48CE23B203D8}.Release|x64.Build.0 = Release|Any CPU
		{8A616B76-D415-4ED7-A33E-48CE23B203D8}.Release|x86.ActiveCfg = Release|Any CPU
		{8A616B76-D415-4ED7-A33E-48CE23B203D8}.Release|x86.Build.0 = Release|Any CPU
		{0672D7FB-65BD-41EB-AC68-1EBEEF75D083}.Debug|Any CPU.ActiveCfg = Debug|Any CPU
		{0672D7FB-65BD-41EB-AC68-1EBEEF75D083}.Debug|Any CPU.Build.0 = Debug|Any CPU
		{0672D7FB-65BD-41EB-AC68-1EBEEF75D083}.Debug|ARM.ActiveCfg = Debug|Any CPU
		{0672D7FB-65BD-41EB-AC68-1EBEEF75D083}.Debug|ARM.Build.0 = Debug|Any CPU
		{0672D7FB-65BD-41EB-AC68-1EBEEF75D083}.Debug|x64.ActiveCfg = Debug|Any CPU
		{0672D7FB-65BD-41EB-AC68-1EBEEF75D083}.Debug|x64.Build.0 = Debug|Any CPU
		{0672D7FB-65BD-41EB-AC68-1EBEEF75D083}.Debug|x86.ActiveCfg = Debug|Any CPU
		{0672D7FB-65BD-41EB-AC68-1EBEEF75D083}.Debug|x86.Build.0 = Debug|Any CPU
		{0672D7FB-65BD-41EB-AC68-1EBEEF75D083}.Release|Any CPU.ActiveCfg = Release|Any CPU
		{0672D7FB-65BD-41EB-AC68-1EBEEF75D083}.Release|Any CPU.Build.0 = Release|Any CPU
		{0672D7FB-65BD-41EB-AC68-1EBEEF75D083}.Release|ARM.ActiveCfg = Release|Any CPU
		{0672D7FB-65BD-41EB-AC68-1EBEEF75D083}.Release|ARM.Build.0 = Release|Any CPU
		{0672D7FB-65BD-41EB-AC68-1EBEEF75D083}.Release|x64.ActiveCfg = Release|Any CPU
		{0672D7FB-65BD-41EB-AC68-1EBEEF75D083}.Release|x64.Build.0 = Release|Any CPU
		{0672D7FB-65BD-41EB-AC68-1EBEEF75D083}.Release|x86.ActiveCfg = Release|Any CPU
		{0672D7FB-65BD-41EB-AC68-1EBEEF75D083}.Release|x86.Build.0 = Release|Any CPU
	EndGlobalSection
	GlobalSection(SolutionProperties) = preSolution
		HideSolutionNode = FALSE
	EndGlobalSection
EndGlobal
